<?xml version="1.0" encoding="utf-8"?>
<Project ToolsVersion="4.0" xmlns="http://schemas.microsoft.com/developer/msbuild/2003">
  <ItemGroup>
    <Filter Include="FrameWork">
      <UniqueIdentifier>{699be688-1f42-413e-918f-ff9cd384c2aa}</UniqueIdentifier>
    </Filter>
    <Filter Include="FrameWork\Mgrs">
      <UniqueIdentifier>{a7d460a7-7158-41e3-a2b1-d7708785a5d9}</UniqueIdentifier>
    </Filter>
    <Filter Include="FrameWork\Node">
      <UniqueIdentifier>{259cdba1-6ad0-419a-8063-8dbfebfda3fa}</UniqueIdentifier>
    </Filter>
    <Filter Include="Game">
      <UniqueIdentifier>{057d081e-6101-44c0-b497-a4727f75a69c}</UniqueIdentifier>
    </Filter>
    <Filter Include="Game\Mgrs">
      <UniqueIdentifier>{709291cf-bc97-437a-9693-2aa1bb1d99be}</UniqueIdentifier>
    </Filter>
    <Filter Include="Game\Object">
      <UniqueIdentifier>{d7a655d4-ce8d-4275-9512-bbffd119e566}</UniqueIdentifier>
    </Filter>
    <Filter Include="Game\Scenes">
      <UniqueIdentifier>{8db021df-76df-4d74-879e-874affd19c3f}</UniqueIdentifier>
    </Filter>
    <Filter Include="Game\Items">
      <UniqueIdentifier>{dfdb0545-7a45-467e-b0d6-4e0b14e3acfd}</UniqueIdentifier>
    </Filter>
  </ItemGroup>
  <ItemGroup>
    <ClCompile Include="stdafx.cpp" />
    <ClCompile Include="Space.cpp" />
    <ClCompile Include="App.cpp">
      <Filter>FrameWork\Mgrs</Filter>
    </ClCompile>
    <ClCompile Include="Input.cpp">
      <Filter>FrameWork\Mgrs</Filter>
    </ClCompile>
    <ClCompile Include="Renderer.cpp">
      <Filter>FrameWork\Mgrs</Filter>
    </ClCompile>
    <ClCompile Include="ResourceMgr.cpp">
      <Filter>FrameWork\Mgrs</Filter>
    </ClCompile>
    <ClCompile Include="SceneDirector.cpp">
      <Filter>FrameWork\Mgrs</Filter>
    </ClCompile>
    <ClCompile Include="Animation.cpp">
      <Filter>FrameWork\Node</Filter>
    </ClCompile>
    <ClCompile Include="Object.cpp">
      <Filter>FrameWork\Node</Filter>
    </ClCompile>
    <ClCompile Include="Sprite.cpp">
      <Filter>FrameWork\Node</Filter>
    </ClCompile>
    <ClCompile Include="Texture.cpp">
      <Filter>FrameWork\Node</Filter>
    </ClCompile>
    <ClCompile Include="CollisionMgr.cpp">
      <Filter>Game\Mgrs</Filter>
    </ClCompile>
    <ClCompile Include="ObjectMgr.cpp">
      <Filter>Game\Mgrs</Filter>
    </ClCompile>
    <ClCompile Include="SceneMain.cpp">
      <Filter>Game\Scenes</Filter>
    </ClCompile>
    <ClCompile Include="TextFont.cpp">
      <Filter>Game\Mgrs</Filter>
    </ClCompile>
    <ClCompile Include="SoundMgr.cpp">
      <Filter>Game\Mgrs</Filter>
    </ClCompile>
    <ClCompile Include="Player.cpp">
      <Filter>Game\Object</Filter>
    </ClCompile>
    <ClCompile Include="Bullet.cpp">
      <Filter>Game\Object</Filter>
    </ClCompile>
    <ClCompile Include="Monster.cpp">
      <Filter>Game\Object</Filter>
    </ClCompile>
    <ClCompile Include="MonsterBullet.cpp">
      <Filter>Game\Object</Filter>
    </ClCompile>
    <ClCompile Include="BossBullet.cpp">
      <Filter>Game\Object</Filter>
    </ClCompile>
    <ClCompile Include="DeathScene.cpp">
      <Filter>Game\Scenes</Filter>
    </ClCompile>
    <ClCompile Include="NextStage.cpp">
      <Filter>Game\Scenes</Filter>
    </ClCompile>
    <ClCompile Include="NewStage.cpp">
      <Filter>Game\Scenes</Filter>
    </ClCompile>
    <ClCompile Include="BossStage.cpp">
      <Filter>Game\Scenes</Filter>
    </ClCompile>
    <ClCompile Include="ClearScene.cpp">
      <Filter>Game\Scenes</Filter>
    </ClCompile>
    <ClCompile Include="Pass.cpp">
      <Filter>Game\Items</Filter>
    </ClCompile>
    <ClCompile Include="ItemMgr.cpp">
      <Filter>Game\Items</Filter>
    </ClCompile>
    <ClCompile Include="GameMgr.cpp">
      <Filter>Game\Mgrs</Filter>
    </ClCompile>
    <ClCompile Include="RankMgr.cpp">
      <Filter>Game\Mgrs</Filter>
    </ClCompile>
    <ClCompile Include="SniperBullet.cpp">
      <Filter>Game\Object</Filter>
    </ClCompile>
    <ClCompile Include="JunkRatBullet.cpp">
      <Filter>Game\Object</Filter>
    </ClCompile>
    <ClCompile Include="RipleItem.cpp">
      <Filter>Game\Items</Filter>
    </ClCompile>
    <ClCompile Include="HealItem.cpp">
      <Filter>Game\Items</Filter>
    </ClCompile>
    <ClCompile Include="JunkRatItem.cpp">
      <Filter>Game\Items</Filter>
    </ClCompile>
    <ClCompile Include="SniperItem.cpp">
      <Filter>Game\Items</Filter>
    </ClCompile>
    <ClCompile Include="StageTwo.cpp">
      <Filter>Game\Scenes</Filter>
    </ClCompile>
    <ClCompile Include="Ranger.cpp">
      <Filter>Game\Object</Filter>
    </ClCompile>
    <ClCompile Include="RipleBullet.cpp">
      <Filter>Game\Object</Filter>
    </ClCompile>
    <ClCompile Include="BossPass.cpp">
      <Filter>Game\Items</Filter>
    </ClCompile>
    <ClCompile Include="Boss.cpp">
      <Filter>Game\Object</Filter>
    </ClCompile>
    <ClCompile Include="BossShot.cpp">
      <Filter>Game\Object</Filter>
    </ClCompile>
    <ClCompile Include="NextStageTwo.cpp">
      <Filter>Game\Scenes</Filter>
    </ClCompile>
    <ClCompile Include="InvisibleEnemy.cpp">
      <Filter>Game\Object</Filter>
    </ClCompile>
    <ClCompile Include="ExPlainScene.cpp">
      <Filter>Game\Scenes</Filter>
    </ClCompile>
  </ItemGroup>
  <ItemGroup>
    <ClInclude Include="stdafx.h" />
    <ClInclude Include="App.h">
      <Filter>FrameWork\Mgrs</Filter>
    </ClInclude>
    <ClInclude Include="Input.h">
      <Filter>FrameWork\Mgrs</Filter>
    </ClInclude>
    <ClInclude Include="Renderer.h">
      <Filter>FrameWork\Mgrs</Filter>
    </ClInclude>
    <ClInclude Include="ResourceMgr.h">
      <Filter>FrameWork\Mgrs</Filter>
    </ClInclude>
    <ClInclude Include="SceneDirector.h">
      <Filter>FrameWork\Mgrs</Filter>
    </ClInclude>
    <ClInclude Include="Singleton.h">
      <Filter>FrameWork\Mgrs</Filter>
    </ClInclude>
    <ClInclude Include="Animation.h">
      <Filter>FrameWork\Node</Filter>
    </ClInclude>
    <ClInclude Include="Object.h">
      <Filter>FrameWork\Node</Filter>
    </ClInclude>
    <ClInclude Include="Sprite.h">
      <Filter>FrameWork\Node</Filter>
    </ClInclude>
    <ClInclude Include="Texture.h">
      <Filter>FrameWork\Node</Filter>
    </ClInclude>
    <ClInclude Include="CollisionMgr.h">
      <Filter>Game\Mgrs</Filter>
    </ClInclude>
    <ClInclude Include="ObjectMgr.h">
      <Filter>Game\Mgrs</Filter>
    </ClInclude>
    <ClInclude Include="SceneMain.h">
      <Filter>Game\Scenes</Filter>
    </ClInclude>
    <ClInclude Include="TextFont.h">
      <Filter>Game\Mgrs</Filter>
    </ClInclude>
    <ClInclude Include="SoundMgr.h">
      <Filter>Game\Mgrs</Filter>
    </ClInclude>
    <ClInclude Include="Player.h">
      <Filter>Game\Object</Filter>
    </ClInclude>
    <ClInclude Include="Bullet.h">
      <Filter>Game\Object</Filter>
    </ClInclude>
    <ClInclude Include="Monster.h">
      <Filter>Game\Object</Filter>
    </ClInclude>
    <ClInclude Include="MonsterBullet.h">
      <Filter>Game\Object</Filter>
    </ClInclude>
    <ClInclude Include="BossBullet.h">
      <Filter>Game\Object</Filter>
    </ClInclude>
    <ClInclude Include="DeathScene.h">
      <Filter>Game\Scenes</Filter>
    </ClInclude>
    <ClInclude Include="NextStage.h">
      <Filter>Game\Scenes</Filter>
    </ClInclude>
    <ClInclude Include="NewStage.h">
      <Filter>Game\Scenes</Filter>
    </ClInclude>
    <ClInclude Include="BossStage.h">
      <Filter>Game\Scenes</Filter>
    </ClInclude>
    <ClInclude Include="ClearScene.h">
      <Filter>Game\Scenes</Filter>
    </ClInclude>
    <ClInclude Include="Pass.h">
      <Filter>Game\Items</Filter>
    </ClInclude>
    <ClInclude Include="ItemMgr.h">
      <Filter>Game\Items</Filter>
    </ClInclude>
    <ClInclude Include="GameMgr.h">
      <Filter>Game\Mgrs</Filter>
    </ClInclude>
    <ClInclude Include="RankMgr.h">
      <Filter>Game\Mgrs</Filter>
    </ClInclude>
    <ClInclude Include="SniperBullet.h">
      <Filter>Game\Object</Filter>
    </ClInclude>
    <ClInclude Include="JunkRatBullet.h">
      <Filter>Game\Object</Filter>
    </ClInclude>
    <ClInclude Include="RipleItem.h">
      <Filter>Game\Items</Filter>
    </ClInclude>
    <ClInclude Include="HealItem.h">
      <Filter>Game\Items</Filter>
    </ClInclude>
    <ClInclude Include="JunkRatItem.h">
      <Filter>Game\Items</Filter>
    </ClInclude>
    <ClInclude Include="SniperItem.h">
      <Filter>Game\Items</Filter>
    </ClInclude>
    <ClInclude Include="StageTwo.h">
      <Filter>Game\Scenes</Filter>
    </ClInclude>
    <ClInclude Include="Ranger.h">
      <Filter>Game\Object</Filter>
    </ClInclude>
    <ClInclude Include="RipleBullet.h">
      <Filter>Game\Object</Filter>
    </ClInclude>
    <ClInclude Include="BossPass.h">
      <Filter>Game\Items</Filter>
    </ClInclude>
    <ClInclude Include="Boss.h">
      <Filter>Game\Object</Filter>
    </ClInclude>
    <ClInclude Include="BossShot.h">
      <Filter>Game\Object</Filter>
    </ClInclude>
    <ClInclude Include="NextStageTwo.h">
      <Filter>Game\Scenes</Filter>
    </ClInclude>
    <ClInclude Include="InvisibleEnemy.h">
      <Filter>Game\Object</Filter>
    </ClInclude>
    <ClInclude Include="ExPlainScene.h">
      <Filter>Game\Scenes</Filter>
    </ClInclude>
  </ItemGroup>
</Project>